
Microsoft Visual Studio Solution File, Format Version 12.00
# Visual Studio 2017
Project("{FAE04EC0-301F-11D3-BF4B-00C04F79EFBC}") = "FunWithHololens", "FunWithHololens.csproj", "{579D9209-BF90-58D0-F084-C59AD0B4732D}"
EndProject
Project("{FAE04EC0-301F-11D3-BF4B-00C04F79EFBC}") = "FunWithHololens.Editor", "FunWithHololens.Editor.csproj", "{BFC2C11B-ED70-6F68-0BA9-A86DD786569C}"
EndProject
Global
	GlobalSection(SolutionConfigurationPlatforms) = preSolution
		Debug|Any CPU = Debug|Any CPU
		Release|Any CPU = Release|Any CPU
	EndGlobalSection
	GlobalSection(ProjectConfigurationPlatforms) = postSolution
		{579D9209-BF90-58D0-F084-C59AD0B4732D}.Debug|Any CPU.ActiveCfg = Debug|Any CPU
		{579D9209-BF90-58D0-F084-C59AD0B4732D}.Debug|Any CPU.Build.0 = Debug|Any CPU
		{579D9209-BF90-58D0-F084-C59AD0B4732D}.Release|Any CPU.ActiveCfg = Release|Any CPU
		{579D9209-BF90-58D0-F084-C59AD0B4732D}.Release|Any CPU.Build.0 = Release|Any CPU
		{BFC2C11B-ED70-6F68-0BA9-A86DD786569C}.Debug|Any CPU.ActiveCfg = Debug|Any CPU
		{BFC2C11B-ED70-6F68-0BA9-A86DD786569C}.Debug|Any CPU.Build.0 = Debug|Any CPU
		{BFC2C11B-ED70-6F68-0BA9-A86DD786569C}.Release|Any CPU.ActiveCfg = Release|Any CPU
		{BFC2C11B-ED70-6F68-0BA9-A86DD786569C}.Release|Any CPU.Build.0 = Release|Any CPU
	EndGlobalSection
	GlobalSection(SolutionProperties) = preSolution
		HideSolutionNode = FALSE
	EndGlobalSection
EndGlobal
