
Microsoft Visual Studio Solution File, Format Version 12.00
# Visual Studio Version 16
VisualStudioVersion = 16.0.29230.61
MinimumVisualStudioVersion = 10.0.40219.1
Project("{9A19103F-16F7-4668-BE54-9A1E7A4F7556}") = "WhatIsGrpc", "WhatIsGrpc\WhatIsGrpc.csproj", "{6240D106-88F1-4BA9-90C5-FB24F9D83F2C}"
EndProject
Project("{9A19103F-16F7-4668-BE54-9A1E7A4F7556}") = "WhatIsGrpc.Client", "WhatIsGrpc.Client\WhatIsGrpc.Client.csproj", "{602F2AC4-3A02-4B42-84A6-195427405CFE}"
EndProject
Global
	GlobalSection(SolutionConfigurationPlatforms) = preSolution
		Debug|Any CPU = Debug|Any CPU
		Release|Any CPU = Release|Any CPU
	EndGlobalSection
	GlobalSection(ProjectConfigurationPlatforms) = postSolution
		{6240D106-88F1-4BA9-90C5-FB24F9D83F2C}.Debug|Any CPU.ActiveCfg = Debug|Any CPU
		{6240D106-88F1-4BA9-90C5-FB24F9D83F2C}.Debug|Any CPU.Build.0 = Debug|Any CPU
		{6240D106-88F1-4BA9-90C5-FB24F9D83F2C}.Release|Any CPU.ActiveCfg = Release|Any CPU
		{6240D106-88F1-4BA9-90C5-FB24F9D83F2C}.Release|Any CPU.Build.0 = Release|Any CPU
		{602F2AC4-3A02-4B42-84A6-195427405CFE}.Debug|Any CPU.ActiveCfg = Debug|Any CPU
		{602F2AC4-3A02-4B42-84A6-195427405CFE}.Debug|Any CPU.Build.0 = Debug|Any CPU
		{602F2AC4-3A02-4B42-84A6-195427405CFE}.Release|Any CPU.ActiveCfg = Release|Any CPU
		{602F2AC4-3A02-4B42-84A6-195427405CFE}.Release|Any CPU.Build.0 = Release|Any CPU
	EndGlobalSection
	GlobalSection(SolutionProperties) = preSolution
		HideSolutionNode = FALSE
	EndGlobalSection
	GlobalSection(ExtensibilityGlobals) = postSolution
		SolutionGuid = {7ECC5CB8-6987-4BAA-8D58-2F1D8838E06C}
	EndGlobalSection
EndGlobal
