
Microsoft Visual Studio Solution File, Format Version 12.00
# Visual Studio Version 16
VisualStudioVersion = 16.0.28902.138
MinimumVisualStudioVersion = 10.0.40219.1
Project("{FAE04EC0-301F-11D3-BF4B-00C04F79EFBC}") = "FunWithDeploy", "FunWithDeploy.csproj", "{DCF0F687-AC60-4ED5-AA11-647E24C2047F}"
EndProject
Global
	GlobalSection(SolutionConfigurationPlatforms) = preSolution
		Debug|Any CPU = Debug|Any CPU
		Release|Any CPU = Release|Any CPU
	EndGlobalSection
	GlobalSection(ProjectConfigurationPlatforms) = postSolution
		{DCF0F687-AC60-4ED5-AA11-647E24C2047F}.Debug|Any CPU.ActiveCfg = Debug|Any CPU
		{DCF0F687-AC60-4ED5-AA11-647E24C2047F}.Debug|Any CPU.Build.0 = Debug|Any CPU
		{DCF0F687-AC60-4ED5-AA11-647E24C2047F}.Release|Any CPU.ActiveCfg = Release|Any CPU
		{DCF0F687-AC60-4ED5-AA11-647E24C2047F}.Release|Any CPU.Build.0 = Release|Any CPU
	EndGlobalSection
	GlobalSection(SolutionProperties) = preSolution
		HideSolutionNode = FALSE
	EndGlobalSection
	GlobalSection(ExtensibilityGlobals) = postSolution
		SolutionGuid = {4E1F8647-2A3C-4706-8C37-0422F3D0D496}
	EndGlobalSection
EndGlobal
