
Microsoft Visual Studio Solution File, Format Version 12.00
# Visual Studio 15
VisualStudioVersion = 15.0.26720.2
MinimumVisualStudioVersion = 10.0.40219.1
Project("{FAE04EC0-301F-11D3-BF4B-00C04F79EFBC}") = "FunWithASPNETCore", "FunWithASPNETCore\FunWithASPNETCore.csproj", "{340753F4-3A7A-4FC0-A85E-6CA81293DB63}"
EndProject
Global
	GlobalSection(SolutionConfigurationPlatforms) = preSolution
		Debug|Any CPU = Debug|Any CPU
		Release|Any CPU = Release|Any CPU
	EndGlobalSection
	GlobalSection(ProjectConfigurationPlatforms) = postSolution
		{340753F4-3A7A-4FC0-A85E-6CA81293DB63}.Debug|Any CPU.ActiveCfg = Debug|Any CPU
		{340753F4-3A7A-4FC0-A85E-6CA81293DB63}.Debug|Any CPU.Build.0 = Debug|Any CPU
		{340753F4-3A7A-4FC0-A85E-6CA81293DB63}.Release|Any CPU.ActiveCfg = Release|Any CPU
		{340753F4-3A7A-4FC0-A85E-6CA81293DB63}.Release|Any CPU.Build.0 = Release|Any CPU
	EndGlobalSection
	GlobalSection(SolutionProperties) = preSolution
		HideSolutionNode = FALSE
	EndGlobalSection
	GlobalSection(ExtensibilityGlobals) = postSolution
		SolutionGuid = {37685BD9-A238-49AE-A838-83F99B64FE5C}
	EndGlobalSection
EndGlobal
