{
	"name": "mypackage",
	"version": "1.0.0",
	"lockfileVersion": 1,
	"requires": true,
	"dependencies": {
		"@fortawesome/fontawesome-free-webfonts": {
			"version": "1.0.9",
			"resolved": "https://registry.npmjs.org/@fortawesome/fontawesome-free-webfonts/-/fontawesome-free-webfonts-1.0.9.tgz",
			"integrity": "sha512-nLgl6b6a+tXaoJJnSRw0hjN8cWM/Q5DhxKAwI9Xr0AiC43lQ2F98vQ1KLA6kw5OoYeAyisGGqmlwtBj0WqOI5Q=="
		},
		"bootstrap": {
			"version": "4.3.1",
			"resolved": "https://registry.npmjs.org/bootstrap/-/bootstrap-4.3.1.tgz",
			"integrity": "sha512-rXqOmH1VilAt2DyPzluTi2blhk17bO7ef+zLLPlWvG494pDxcM234pJ8wTc/6R40UWizAIIMgxjvxZg5kmsbag=="
		},
		"bootswatch": {
			"version": "4.1.1",
			"resolved": "https://registry.npmjs.org/bootswatch/-/bootswatch-4.1.1.tgz",
			"integrity": "sha1-604FPEadTcjNr/Ef9N2+9j6GpW0=",
			"requires": {
				"bootstrap": "^4.1.1"
			}
		},
		"jquery": {
			"version": "3.3.1",
			"resolved": "https://registry.npmjs.org/jquery/-/jquery-3.3.1.tgz",
			"integrity": "sha512-Ubldcmxp5np52/ENotGxlLe6aGMvmF4R8S6tZjsP6Knsaxd/xp3Zrh50cG93lR6nPXyUFwzN3ZSOQI0wRJNdGg=="
		},
		"lodash": {
			"version": "4.17.5",
			"resolved": "https://registry.npmjs.org/lodash/-/lodash-4.17.5.tgz",
			"integrity": "sha512-svL3uiZf1RwhH+cWrfZn3A4+U58wbP0tGVTLQPbjplZxZ8ROD9VLuNgsRniTlLe7OlSqR79RUehXgpBW/s0IQw=="
		},
		"vue": {
			"version": "2.5.16",
			"resolved": "https://registry.npmjs.org/vue/-/vue-2.5.16.tgz",
			"integrity": "sha512-/ffmsiVuPC8PsWcFkZngdpas19ABm5mh2wA7iDqcltyCTwlgZjHGeJYOXkBMo422iPwIcviOtrTCUpSfXmToLQ=="
		}
	}
}
