
Microsoft Visual Studio Solution File, Format Version 12.00
# Visual Studio 15
VisualStudioVersion = 15.0.28010.2026
MinimumVisualStudioVersion = 10.0.40219.1
Project("{FAE04EC0-301F-11D3-BF4B-00C04F79EFBC}") = "MyCodeCamp", "MyCodeCamp\MyCodeCamp.csproj", "{EF8B5508-BA8C-4D7A-8A9A-994644644428}"
EndProject
Global
	GlobalSection(SolutionConfigurationPlatforms) = preSolution
		Debug|Any CPU = Debug|Any CPU
		Release|Any CPU = Release|Any CPU
	EndGlobalSection
	GlobalSection(ProjectConfigurationPlatforms) = postSolution
		{EF8B5508-BA8C-4D7A-8A9A-994644644428}.Debug|Any CPU.ActiveCfg = Debug|Any CPU
		{EF8B5508-BA8C-4D7A-8A9A-994644644428}.Debug|Any CPU.Build.0 = Debug|Any CPU
		{EF8B5508-BA8C-4D7A-8A9A-994644644428}.Release|Any CPU.ActiveCfg = Release|Any CPU
		{EF8B5508-BA8C-4D7A-8A9A-994644644428}.Release|Any CPU.Build.0 = Release|Any CPU
	EndGlobalSection
	GlobalSection(SolutionProperties) = preSolution
		HideSolutionNode = FALSE
	EndGlobalSection
	GlobalSection(ExtensibilityGlobals) = postSolution
		SolutionGuid = {D0EEC7CF-AB90-4100-A4C4-5CA1BD8CA243}
	EndGlobalSection
EndGlobal
